// !$*UTF8*$!
{
	archiveVersion = 1;
	classes = {
	};
	objectVersion = 46;
	objects = {

/* Begin PBXBuildFile section */
		37007F8717B2818E000AA325 /* libopencv_highgui.2.4.5.dylib in CopyFiles */ = {isa = PBXBuildFile; fileRef = 375FD08E17B1FDC80075BB8A /* libopencv_highgui.2.4.5.dylib */; };
		37007F8817B2818E000AA325 /* libopencv_core.2.4.5.dylib in CopyFiles */ = {isa = PBXBuildFile; fileRef = 375FD09417B1FE5B0075BB8A /* libopencv_core.2.4.5.dylib */; };
		37007F8917B2818E000AA325 /* libopencv_objdetect.2.4.5.dylib in CopyFiles */ = {isa = PBXBuildFile; fileRef = 375FD09217B1FE160075BB8A /* libopencv_objdetect.2.4.5.dylib */; };
		37007F8A17B2818E000AA325 /* libopencv_imgproc.2.4.5.dylib in CopyFiles */ = {isa = PBXBuildFile; fileRef = 375FD09017B1FDF00075BB8A /* libopencv_imgproc.2.4.5.dylib */; };
		37007F8E17B29278000AA325 /* Person.cpp in Sources */ = {isa = PBXBuildFile; fileRef = 37007F8C17B29278000AA325 /* Person.cpp */; };
		3740F78317B78EF000D45FD7 /* main.cpp in Sources */ = {isa = PBXBuildFile; fileRef = 3740F78117B78EF000D45FD7 /* main.cpp */; };
		375FD08F17B1FDC80075BB8A /* libopencv_highgui.2.4.5.dylib in Frameworks */ = {isa = PBXBuildFile; fileRef = 375FD08E17B1FDC80075BB8A /* libopencv_highgui.2.4.5.dylib */; };
		375FD09117B1FDF00075BB8A /* libopencv_imgproc.2.4.5.dylib in Frameworks */ = {isa = PBXBuildFile; fileRef = 375FD09017B1FDF00075BB8A /* libopencv_imgproc.2.4.5.dylib */; };
		375FD09317B1FE160075BB8A /* libopencv_objdetect.2.4.5.dylib in Frameworks */ = {isa = PBXBuildFile; fileRef = 375FD09217B1FE160075BB8A /* libopencv_objdetect.2.4.5.dylib */; };
		375FD09517B1FE5B0075BB8A /* libopencv_core.2.4.5.dylib in Frameworks */ = {isa = PBXBuildFile; fileRef = 375FD09417B1FE5B0075BB8A /* libopencv_core.2.4.5.dylib */; };
		377CF02417B41FAD006982B1 /* base64.cpp in Sources */ = {isa = PBXBuildFile; fileRef = 377CEFBC17B41FAD006982B1 /* base64.cpp */; };
		377CF02817B422FA006982B1 /* libboost_thread.dylib in Frameworks */ = {isa = PBXBuildFile; fileRef = 377CF02717B422FA006982B1 /* libboost_thread.dylib */; };
		377CF02A17B42CDD006982B1 /* libboost_system.dylib in Frameworks */ = {isa = PBXBuildFile; fileRef = 377CF02917B42CDD006982B1 /* libboost_system.dylib */; };
		377CF02B17B42FFB006982B1 /* libboost_system.dylib in CopyFiles */ = {isa = PBXBuildFile; fileRef = 377CF02917B42CDD006982B1 /* libboost_system.dylib */; };
		377CF02C17B42FFB006982B1 /* libboost_thread.dylib in CopyFiles */ = {isa = PBXBuildFile; fileRef = 377CF02717B422FA006982B1 /* libboost_thread.dylib */; };
		37C2E7DD17BA2826007070C7 /* haarcascade_eye.xml in Resources */ = {isa = PBXBuildFile; fileRef = 37224F2117BA26DB00464D9C /* haarcascade_eye.xml */; };
		37C2E7DE17BA2826007070C7 /* haarcascade_eye_tree_eyeglasses.xml in Resources */ = {isa = PBXBuildFile; fileRef = 37224F2217BA26DB00464D9C /* haarcascade_eye_tree_eyeglasses.xml */; };
		37C2E7DF17BA2826007070C7 /* haarcascade_frontalface_alt.xml in Resources */ = {isa = PBXBuildFile; fileRef = 37224F2317BA26DB00464D9C /* haarcascade_frontalface_alt.xml */; };
		37C2E7E017BA2826007070C7 /* haarcascade_frontalface_alt2.xml in Resources */ = {isa = PBXBuildFile; fileRef = 37224F2417BA26DB00464D9C /* haarcascade_frontalface_alt2.xml */; };
		37C2E7E117BA2826007070C7 /* haarcascade_frontalface_alt_tree.xml in Resources */ = {isa = PBXBuildFile; fileRef = 37224F2517BA26DB00464D9C /* haarcascade_frontalface_alt_tree.xml */; };
		37C2E7E217BA2826007070C7 /* haarcascade_frontalface_default.xml in Resources */ = {isa = PBXBuildFile; fileRef = 37224F2617BA26DB00464D9C /* haarcascade_frontalface_default.xml */; };
		37C2E7E317BA2826007070C7 /* haarcascade_fullbody.xml in Resources */ = {isa = PBXBuildFile; fileRef = 37224F2717BA26DB00464D9C /* haarcascade_fullbody.xml */; };
		37C2E7E417BA2826007070C7 /* haarcascade_lefteye_2splits.xml in Resources */ = {isa = PBXBuildFile; fileRef = 37224F2817BA26DB00464D9C /* haarcascade_lefteye_2splits.xml */; };
		37C2E7E517BA2826007070C7 /* haarcascade_lowerbody.xml in Resources */ = {isa = PBXBuildFile; fileRef = 37224F2917BA26DB00464D9C /* haarcascade_lowerbody.xml */; };
		37C2E7E617BA2826007070C7 /* haarcascade_mcs_eyepair_big.xml in Resources */ = {isa = PBXBuildFile; fileRef = 37224F2A17BA26DB00464D9C /* haarcascade_mcs_eyepair_big.xml */; };
		37C2E7E717BA2826007070C7 /* haarcascade_mcs_eyepair_small.xml in Resources */ = {isa = PBXBuildFile; fileRef = 37224F2B17BA26DB00464D9C /* haarcascade_mcs_eyepair_small.xml */; };
		37C2E7E817BA2826007070C7 /* haarcascade_mcs_leftear.xml in Resources */ = {isa = PBXBuildFile; fileRef = 37224F2C17BA26DB00464D9C /* haarcascade_mcs_leftear.xml */; };
		37C2E7E917BA2826007070C7 /* haarcascade_mcs_lefteye.xml in Resources */ = {isa = PBXBuildFile; fileRef = 37224F2D17BA26DB00464D9C /* haarcascade_mcs_lefteye.xml */; };
		37C2E7EA17BA2826007070C7 /* haarcascade_mcs_mouth.xml in Resources */ = {isa = PBXBuildFile; fileRef = 37224F2E17BA26DB00464D9C /* haarcascade_mcs_mouth.xml */; };
		37C2E7EB17BA2826007070C7 /* haarcascade_mcs_nose.xml in Resources */ = {isa = PBXBuildFile; fileRef = 37224F2F17BA26DB00464D9C /* haarcascade_mcs_nose.xml */; };
		37C2E7EC17BA2826007070C7 /* haarcascade_mcs_rightear.xml in Resources */ = {isa = PBXBuildFile; fileRef = 37224F3017BA26DB00464D9C /* haarcascade_mcs_rightear.xml */; };
		37C2E7ED17BA2826007070C7 /* haarcascade_mcs_righteye.xml in Resources */ = {isa = PBXBuildFile; fileRef = 37224F3117BA26DB00464D9C /* haarcascade_mcs_righteye.xml */; };
		37C2E7EE17BA2826007070C7 /* haarcascade_mcs_upperbody.xml in Resources */ = {isa = PBXBuildFile; fileRef = 37224F3217BA26DB00464D9C /* haarcascade_mcs_upperbody.xml */; };
		37C2E7EF17BA2826007070C7 /* haarcascade_profileface.xml in Resources */ = {isa = PBXBuildFile; fileRef = 37224F3317BA26DB00464D9C /* haarcascade_profileface.xml */; };
		37C2E7F017BA2826007070C7 /* haarcascade_righteye_2splits.xml in Resources */ = {isa = PBXBuildFile; fileRef = 37224F3417BA26DB00464D9C /* haarcascade_righteye_2splits.xml */; };
		37C2E7F117BA2826007070C7 /* haarcascade_smile.xml in Resources */ = {isa = PBXBuildFile; fileRef = 37224F3517BA26DB00464D9C /* haarcascade_smile.xml */; };
		37C2E7F217BA2826007070C7 /* haarcascade_upperbody.xml in Resources */ = {isa = PBXBuildFile; fileRef = 37224F3617BA26DB00464D9C /* haarcascade_upperbody.xml */; };
		37C2E7F317BA2826007070C7 /* lbpcascade_frontalface.xml in Resources */ = {isa = PBXBuildFile; fileRef = 37224F1D17BA26C100464D9C /* lbpcascade_frontalface.xml */; };
		37C2E7F417BA2826007070C7 /* lbpcascade_profileface.xml in Resources */ = {isa = PBXBuildFile; fileRef = 37224F1E17BA26C100464D9C /* lbpcascade_profileface.xml */; };
		37C2E7F517BA2826007070C7 /* lbpcascade_silverware.xml in Resources */ = {isa = PBXBuildFile; fileRef = 37224F1F17BA26C100464D9C /* lbpcascade_silverware.xml */; };
		37EB146B17B49E6600DCF662 /* DataHandler.cpp in Sources */ = {isa = PBXBuildFile; fileRef = 37EB146917B49E6600DCF662 /* DataHandler.cpp */; };
		4D7DBE8E0C04A90C00D8835D /* Detector.cpp in Sources */ = {isa = PBXBuildFile; fileRef = 08FB7796FE84155DC02AAC07 /* Detector.cpp */; };
/* End PBXBuildFile section */

/* Begin PBXCopyFilesBuildPhase section */
		4D7DBE8F0C04A93300D8835D /* CopyFiles */ = {
			isa = PBXCopyFilesBuildPhase;
			buildActionMask = 2147483647;
			dstPath = "";
			dstSubfolderSpec = 12;
			files = (
				377CF02B17B42FFB006982B1 /* libboost_system.dylib in CopyFiles */,
				377CF02C17B42FFB006982B1 /* libboost_thread.dylib in CopyFiles */,
				37007F8717B2818E000AA325 /* libopencv_highgui.2.4.5.dylib in CopyFiles */,
				37007F8817B2818E000AA325 /* libopencv_core.2.4.5.dylib in CopyFiles */,
				37007F8917B2818E000AA325 /* libopencv_objdetect.2.4.5.dylib in CopyFiles */,
				37007F8A17B2818E000AA325 /* libopencv_imgproc.2.4.5.dylib in CopyFiles */,
			);
			runOnlyForDeploymentPostprocessing = 0;
		};
/* End PBXCopyFilesBuildPhase section */

/* Begin PBXFileReference section */
		08FB7796FE84155DC02AAC07 /* Detector.cpp */ = {isa = PBXFileReference; fileEncoding = 4; lastKnownFileType = sourcecode.cpp.cpp; path = Detector.cpp; sourceTree = "<group>"; };
		37007F8C17B29278000AA325 /* Person.cpp */ = {isa = PBXFileReference; fileEncoding = 4; lastKnownFileType = sourcecode.cpp.cpp; path = Person.cpp; sourceTree = "<group>"; };
		37007F8D17B29278000AA325 /* Person.hpp */ = {isa = PBXFileReference; fileEncoding = 4; lastKnownFileType = sourcecode.cpp.h; path = Person.hpp; sourceTree = "<group>"; };
		37224F1D17BA26C100464D9C /* lbpcascade_frontalface.xml */ = {isa = PBXFileReference; lastKnownFileType = text.xml; path = lbpcascade_frontalface.xml; sourceTree = "<group>"; };
		37224F1E17BA26C100464D9C /* lbpcascade_profileface.xml */ = {isa = PBXFileReference; lastKnownFileType = text.xml; path = lbpcascade_profileface.xml; sourceTree = "<group>"; };
		37224F1F17BA26C100464D9C /* lbpcascade_silverware.xml */ = {isa = PBXFileReference; lastKnownFileType = text.xml; path = lbpcascade_silverware.xml; sourceTree = "<group>"; };
		37224F2117BA26DB00464D9C /* haarcascade_eye.xml */ = {isa = PBXFileReference; lastKnownFileType = text.xml; path = haarcascade_eye.xml; sourceTree = "<group>"; };
		37224F2217BA26DB00464D9C /* haarcascade_eye_tree_eyeglasses.xml */ = {isa = PBXFileReference; lastKnownFileType = text.xml; path = haarcascade_eye_tree_eyeglasses.xml; sourceTree = "<group>"; };
		37224F2317BA26DB00464D9C /* haarcascade_frontalface_alt.xml */ = {isa = PBXFileReference; lastKnownFileType = text.xml; path = haarcascade_frontalface_alt.xml; sourceTree = "<group>"; };
		37224F2417BA26DB00464D9C /* haarcascade_frontalface_alt2.xml */ = {isa = PBXFileReference; lastKnownFileType = text.xml; path = haarcascade_frontalface_alt2.xml; sourceTree = "<group>"; };
		37224F2517BA26DB00464D9C /* haarcascade_frontalface_alt_tree.xml */ = {isa = PBXFileReference; lastKnownFileType = text.xml; path = haarcascade_frontalface_alt_tree.xml; sourceTree = "<group>"; };
		37224F2617BA26DB00464D9C /* haarcascade_frontalface_default.xml */ = {isa = PBXFileReference; lastKnownFileType = text.xml; path = haarcascade_frontalface_default.xml; sourceTree = "<group>"; };
		37224F2717BA26DB00464D9C /* haarcascade_fullbody.xml */ = {isa = PBXFileReference; lastKnownFileType = text.xml; path = haarcascade_fullbody.xml; sourceTree = "<group>"; };
		37224F2817BA26DB00464D9C /* haarcascade_lefteye_2splits.xml */ = {isa = PBXFileReference; lastKnownFileType = text.xml; path = haarcascade_lefteye_2splits.xml; sourceTree = "<group>"; };
		37224F2917BA26DB00464D9C /* haarcascade_lowerbody.xml */ = {isa = PBXFileReference; lastKnownFileType = text.xml; path = haarcascade_lowerbody.xml; sourceTree = "<group>"; };
		37224F2A17BA26DB00464D9C /* haarcascade_mcs_eyepair_big.xml */ = {isa = PBXFileReference; lastKnownFileType = text.xml; path = haarcascade_mcs_eyepair_big.xml; sourceTree = "<group>"; };
		37224F2B17BA26DB00464D9C /* haarcascade_mcs_eyepair_small.xml */ = {isa = PBXFileReference; lastKnownFileType = text.xml; path = haarcascade_mcs_eyepair_small.xml; sourceTree = "<group>"; };
		37224F2C17BA26DB00464D9C /* haarcascade_mcs_leftear.xml */ = {isa = PBXFileReference; lastKnownFileType = text.xml; path = haarcascade_mcs_leftear.xml; sourceTree = "<group>"; };
		37224F2D17BA26DB00464D9C /* haarcascade_mcs_lefteye.xml */ = {isa = PBXFileReference; lastKnownFileType = text.xml; path = haarcascade_mcs_lefteye.xml; sourceTree = "<group>"; };
		37224F2E17BA26DB00464D9C /* haarcascade_mcs_mouth.xml */ = {isa = PBXFileReference; lastKnownFileType = text.xml; path = haarcascade_mcs_mouth.xml; sourceTree = "<group>"; };
		37224F2F17BA26DB00464D9C /* haarcascade_mcs_nose.xml */ = {isa = PBXFileReference; lastKnownFileType = text.xml; path = haarcascade_mcs_nose.xml; sourceTree = "<group>"; };
		37224F3017BA26DB00464D9C /* haarcascade_mcs_rightear.xml */ = {isa = PBXFileReference; lastKnownFileType = text.xml; path = haarcascade_mcs_rightear.xml; sourceTree = "<group>"; };
		37224F3117BA26DB00464D9C /* haarcascade_mcs_righteye.xml */ = {isa = PBXFileReference; lastKnownFileType = text.xml; path = haarcascade_mcs_righteye.xml; sourceTree = "<group>"; };
		37224F3217BA26DB00464D9C /* haarcascade_mcs_upperbody.xml */ = {isa = PBXFileReference; lastKnownFileType = text.xml; path = haarcascade_mcs_upperbody.xml; sourceTree = "<group>"; };
		37224F3317BA26DB00464D9C /* haarcascade_profileface.xml */ = {isa = PBXFileReference; lastKnownFileType = text.xml; path = haarcascade_profileface.xml; sourceTree = "<group>"; };
		37224F3417BA26DB00464D9C /* haarcascade_righteye_2splits.xml */ = {isa = PBXFileReference; lastKnownFileType = text.xml; path = haarcascade_righteye_2splits.xml; sourceTree = "<group>"; };
		37224F3517BA26DB00464D9C /* haarcascade_smile.xml */ = {isa = PBXFileReference; lastKnownFileType = text.xml; path = haarcascade_smile.xml; sourceTree = "<group>"; };
		37224F3617BA26DB00464D9C /* haarcascade_upperbody.xml */ = {isa = PBXFileReference; lastKnownFileType = text.xml; path = haarcascade_upperbody.xml; sourceTree = "<group>"; };
		3740F77E17B78DC600D45FD7 /* Detector.hpp */ = {isa = PBXFileReference; lastKnownFileType = sourcecode.cpp.h; path = Detector.hpp; sourceTree = "<group>"; };
		3740F78117B78EF000D45FD7 /* main.cpp */ = {isa = PBXFileReference; fileEncoding = 4; lastKnownFileType = sourcecode.cpp.cpp; name = main.cpp; path = classes/main.cpp; sourceTree = SOURCE_ROOT; };
		3740F78217B78EF000D45FD7 /* main.hpp */ = {isa = PBXFileReference; fileEncoding = 4; lastKnownFileType = sourcecode.cpp.h; name = main.hpp; path = classes/main.hpp; sourceTree = SOURCE_ROOT; };
		375FD08E17B1FDC80075BB8A /* libopencv_highgui.2.4.5.dylib */ = {isa = PBXFileReference; lastKnownFileType = "compiled.mach-o.dylib"; name = libopencv_highgui.2.4.5.dylib; path = libs/opencv.2.4.5/libopencv_highgui.2.4.5.dylib; sourceTree = SOURCE_ROOT; };
		375FD09017B1FDF00075BB8A /* libopencv_imgproc.2.4.5.dylib */ = {isa = PBXFileReference; lastKnownFileType = "compiled.mach-o.dylib"; name = libopencv_imgproc.2.4.5.dylib; path = libs/opencv.2.4.5/libopencv_imgproc.2.4.5.dylib; sourceTree = SOURCE_ROOT; };
		375FD09217B1FE160075BB8A /* libopencv_objdetect.2.4.5.dylib */ = {isa = PBXFileReference; lastKnownFileType = "compiled.mach-o.dylib"; name = libopencv_objdetect.2.4.5.dylib; path = libs/opencv.2.4.5/libopencv_objdetect.2.4.5.dylib; sourceTree = SOURCE_ROOT; };
		375FD09417B1FE5B0075BB8A /* libopencv_core.2.4.5.dylib */ = {isa = PBXFileReference; lastKnownFileType = "compiled.mach-o.dylib"; name = libopencv_core.2.4.5.dylib; path = libs/opencv.2.4.5/libopencv_core.2.4.5.dylib; sourceTree = SOURCE_ROOT; };
		377CED8F17B3D4BB006982B1 /* StringUtil.h */ = {isa = PBXFileReference; lastKnownFileType = sourcecode.c.h; path = StringUtil.h; sourceTree = "<group>"; };
		377CEFBC17B41FAD006982B1 /* base64.cpp */ = {isa = PBXFileReference; fileEncoding = 4; lastKnownFileType = sourcecode.cpp.cpp; path = base64.cpp; sourceTree = "<group>"; };
		377CEFBD17B41FAD006982B1 /* base64.h */ = {isa = PBXFileReference; fileEncoding = 4; lastKnownFileType = sourcecode.c.h; path = base64.h; sourceTree = "<group>"; };
		377CEFBE17B41FAD006982B1 /* base64.hpp */ = {isa = PBXFileReference; fileEncoding = 4; lastKnownFileType = sourcecode.cpp.h; path = base64.hpp; sourceTree = "<group>"; };
		377CEFBF17B41FAD006982B1 /* client.hpp */ = {isa = PBXFileReference; fileEncoding = 4; lastKnownFileType = sourcecode.cpp.h; path = client.hpp; sourceTree = "<group>"; };
		377CEFC017B41FAD006982B1 /* close.hpp */ = {isa = PBXFileReference; fileEncoding = 4; lastKnownFileType = sourcecode.cpp.h; path = close.hpp; sourceTree = "<group>"; };
		377CEFC117B41FAD006982B1 /* CMakeLists.txt */ = {isa = PBXFileReference; fileEncoding = 4; lastKnownFileType = text; path = CMakeLists.txt; sourceTree = "<group>"; };
		377CEFC317B41FAD006982B1 /* chrono.hpp */ = {isa = PBXFileReference; fileEncoding = 4; lastKnownFileType = sourcecode.cpp.h; path = chrono.hpp; sourceTree = "<group>"; };
		377CEFC417B41FAD006982B1 /* connection_hdl.hpp */ = {isa = PBXFileReference; fileEncoding = 4; lastKnownFileType = sourcecode.cpp.h; path = connection_hdl.hpp; sourceTree = "<group>"; };
		377CEFC517B41FAD006982B1 /* cpp11.hpp */ = {isa = PBXFileReference; fileEncoding = 4; lastKnownFileType = sourcecode.cpp.h; path = cpp11.hpp; sourceTree = "<group>"; };
		377CEFC617B41FAD006982B1 /* functional.hpp */ = {isa = PBXFileReference; fileEncoding = 4; lastKnownFileType = sourcecode.cpp.h; path = functional.hpp; sourceTree = "<group>"; };
		377CEFC717B41FAD006982B1 /* md5.hpp */ = {isa = PBXFileReference; fileEncoding = 4; lastKnownFileType = sourcecode.cpp.h; path = md5.hpp; sourceTree = "<group>"; };
		377CEFC817B41FAD006982B1 /* memory.hpp */ = {isa = PBXFileReference; fileEncoding = 4; lastKnownFileType = sourcecode.cpp.h; path = memory.hpp; sourceTree = "<group>"; };
		377CEFC917B41FAD006982B1 /* network.hpp */ = {isa = PBXFileReference; fileEncoding = 4; lastKnownFileType = sourcecode.cpp.h; path = network.hpp; sourceTree = "<group>"; };
		377CEFCA17B41FAD006982B1 /* platforms.hpp */ = {isa = PBXFileReference; fileEncoding = 4; lastKnownFileType = sourcecode.cpp.h; path = platforms.hpp; sourceTree = "<group>"; };
		377CEFCB17B41FAD006982B1 /* random.hpp */ = {isa = PBXFileReference; fileEncoding = 4; lastKnownFileType = sourcecode.cpp.h; path = random.hpp; sourceTree = "<group>"; };
		377CEFCC17B41FAD006982B1 /* regex.hpp */ = {isa = PBXFileReference; fileEncoding = 4; lastKnownFileType = sourcecode.cpp.h; path = regex.hpp; sourceTree = "<group>"; };
		377CEFCD17B41FAD006982B1 /* stdint.hpp */ = {isa = PBXFileReference; fileEncoding = 4; lastKnownFileType = sourcecode.cpp.h; path = stdint.hpp; sourceTree = "<group>"; };
		377CEFCE17B41FAD006982B1 /* system_error.hpp */ = {isa = PBXFileReference; fileEncoding = 4; lastKnownFileType = sourcecode.cpp.h; path = system_error.hpp; sourceTree = "<group>"; };
		377CEFCF17B41FAD006982B1 /* thread.hpp */ = {isa = PBXFileReference; fileEncoding = 4; lastKnownFileType = sourcecode.cpp.h; path = thread.hpp; sourceTree = "<group>"; };
		377CEFD117B41FAD006982B1 /* basic.hpp */ = {isa = PBXFileReference; fileEncoding = 4; lastKnownFileType = sourcecode.cpp.h; path = basic.hpp; sourceTree = "<group>"; };
		377CEFD217B41FAD006982B1 /* none.hpp */ = {isa = PBXFileReference; fileEncoding = 4; lastKnownFileType = sourcecode.cpp.h; path = none.hpp; sourceTree = "<group>"; };
		377CEFD417B41FAD006982B1 /* asio.hpp */ = {isa = PBXFileReference; fileEncoding = 4; lastKnownFileType = sourcecode.cpp.h; path = asio.hpp; sourceTree = "<group>"; };
		377CEFD517B41FAD006982B1 /* asio_client.hpp */ = {isa = PBXFileReference; fileEncoding = 4; lastKnownFileType = sourcecode.cpp.h; path = asio_client.hpp; sourceTree = "<group>"; };
		377CEFD617B41FAD006982B1 /* asio_no_tls.hpp */ = {isa = PBXFileReference; fileEncoding = 4; lastKnownFileType = sourcecode.cpp.h; path = asio_no_tls.hpp; sourceTree = "<group>"; };
		377CEFD717B41FAD006982B1 /* asio_no_tls_client.hpp */ = {isa = PBXFileReference; fileEncoding = 4; lastKnownFileType = sourcecode.cpp.h; path = asio_no_tls_client.hpp; sourceTree = "<group>"; };
		377CEFD817B41FAD006982B1 /* boost_config.hpp */ = {isa = PBXFileReference; fileEncoding = 4; lastKnownFileType = sourcecode.cpp.h; path = boost_config.hpp; sourceTree = "<group>"; };
		377CEFD917B41FAD006982B1 /* core.hpp */ = {isa = PBXFileReference; fileEncoding = 4; lastKnownFileType = sourcecode.cpp.h; path = core.hpp; sourceTree = "<group>"; };
		377CEFDA17B41FAD006982B1 /* core_client.hpp */ = {isa = PBXFileReference; fileEncoding = 4; lastKnownFileType = sourcecode.cpp.h; path = core_client.hpp; sourceTree = "<group>"; };
		377CEFDB17B41FAD006982B1 /* debug.hpp */ = {isa = PBXFileReference; fileEncoding = 4; lastKnownFileType = sourcecode.cpp.h; path = debug.hpp; sourceTree = "<group>"; };
		377CEFDC17B41FAD006982B1 /* debug_asio.hpp */ = {isa = PBXFileReference; fileEncoding = 4; lastKnownFileType = sourcecode.cpp.h; path = debug_asio.hpp; sourceTree = "<group>"; };
		377CEFDD17B41FAD006982B1 /* debug_asio_no_tls.hpp */ = {isa = PBXFileReference; fileEncoding = 4; lastKnownFileType = sourcecode.cpp.h; path = debug_asio_no_tls.hpp; sourceTree = "<group>"; };
		377CEFDE17B41FAD006982B1 /* connection.hpp */ = {isa = PBXFileReference; fileEncoding = 4; lastKnownFileType = sourcecode.cpp.h; path = connection.hpp; sourceTree = "<group>"; };
		377CEFDF17B41FAD006982B1 /* connection_base.hpp */ = {isa = PBXFileReference; fileEncoding = 4; lastKnownFileType = sourcecode.cpp.h; path = connection_base.hpp; sourceTree = "<group>"; };
		377CEFE017B41FAD006982B1 /* endpoint.hpp */ = {isa = PBXFileReference; fileEncoding = 4; lastKnownFileType = sourcecode.cpp.h; path = endpoint.hpp; sourceTree = "<group>"; };
		377CEFE117B41FAD006982B1 /* endpoint_base.hpp */ = {isa = PBXFileReference; fileEncoding = 4; lastKnownFileType = sourcecode.cpp.h; path = endpoint_base.hpp; sourceTree = "<group>"; };
		377CEFE217B41FAD006982B1 /* error.hpp */ = {isa = PBXFileReference; fileEncoding = 4; lastKnownFileType = sourcecode.cpp.h; path = error.hpp; sourceTree = "<group>"; };
		377CEFE317B41FAD006982B1 /* error_container.hpp */ = {isa = PBXFileReference; fileEncoding = 4; lastKnownFileType = sourcecode.cpp.h; path = error_container.hpp; sourceTree = "<group>"; };
		377CEFE517B41FAD006982B1 /* extension.hpp */ = {isa = PBXFileReference; fileEncoding = 4; lastKnownFileType = sourcecode.cpp.h; path = extension.hpp; sourceTree = "<group>"; };
		377CEFE717B41FAD006982B1 /* disabled.hpp */ = {isa = PBXFileReference; fileEncoding = 4; lastKnownFileType = sourcecode.cpp.h; path = disabled.hpp; sourceTree = "<group>"; };
		377CEFE817B41FAD006982B1 /* enabled.hpp */ = {isa = PBXFileReference; fileEncoding = 4; lastKnownFileType = sourcecode.cpp.h; path = enabled.hpp; sourceTree = "<group>"; };
		377CEFE917B41FAD006982B1 /* frame.hpp */ = {isa = PBXFileReference; fileEncoding = 4; lastKnownFileType = sourcecode.cpp.h; path = frame.hpp; sourceTree = "<group>"; };
		377CEFEB17B41FAD006982B1 /* constants.hpp */ = {isa = PBXFileReference; fileEncoding = 4; lastKnownFileType = sourcecode.cpp.h; path = constants.hpp; sourceTree = "<group>"; };
		377CEFED17B41FAD006982B1 /* parser.hpp */ = {isa = PBXFileReference; fileEncoding = 4; lastKnownFileType = sourcecode.cpp.h; path = parser.hpp; sourceTree = "<group>"; };
		377CEFEE17B41FAD006982B1 /* request.hpp */ = {isa = PBXFileReference; fileEncoding = 4; lastKnownFileType = sourcecode.cpp.h; path = request.hpp; sourceTree = "<group>"; };
		377CEFEF17B41FAD006982B1 /* response.hpp */ = {isa = PBXFileReference; fileEncoding = 4; lastKnownFileType = sourcecode.cpp.h; path = response.hpp; sourceTree = "<group>"; };
		377CEFF017B41FAD006982B1 /* parser.hpp */ = {isa = PBXFileReference; fileEncoding = 4; lastKnownFileType = sourcecode.cpp.h; path = parser.hpp; sourceTree = "<group>"; };
		377CEFF117B41FAD006982B1 /* request.hpp */ = {isa = PBXFileReference; fileEncoding = 4; lastKnownFileType = sourcecode.cpp.h; path = request.hpp; sourceTree = "<group>"; };
		377CEFF217B41FAD006982B1 /* response.hpp */ = {isa = PBXFileReference; fileEncoding = 4; lastKnownFileType = sourcecode.cpp.h; path = response.hpp; sourceTree = "<group>"; };
		377CEFF417B41FAD006982B1 /* connection_impl.hpp */ = {isa = PBXFileReference; fileEncoding = 4; lastKnownFileType = sourcecode.cpp.h; path = connection_impl.hpp; sourceTree = "<group>"; };
		377CEFF517B41FAD006982B1 /* endpoint_impl.hpp */ = {isa = PBXFileReference; fileEncoding = 4; lastKnownFileType = sourcecode.cpp.h; path = endpoint_impl.hpp; sourceTree = "<group>"; };
		377CEFF617B41FAD006982B1 /* utilities_impl.hpp */ = {isa = PBXFileReference; fileEncoding = 4; lastKnownFileType = sourcecode.cpp.h; path = utilities_impl.hpp; sourceTree = "<group>"; };
		377CEFF817B41FAD006982B1 /* basic.hpp */ = {isa = PBXFileReference; fileEncoding = 4; lastKnownFileType = sourcecode.cpp.h; path = basic.hpp; sourceTree = "<group>"; };
		377CEFF917B41FAD006982B1 /* levels.hpp */ = {isa = PBXFileReference; fileEncoding = 4; lastKnownFileType = sourcecode.cpp.h; path = levels.hpp; sourceTree = "<group>"; };
		377CEFFA17B41FAD006982B1 /* stub.hpp */ = {isa = PBXFileReference; fileEncoding = 4; lastKnownFileType = sourcecode.cpp.h; path = stub.hpp; sourceTree = "<group>"; };
		377CEFFC17B41FAD006982B1 /* alloc.hpp */ = {isa = PBXFileReference; fileEncoding = 4; lastKnownFileType = sourcecode.cpp.h; path = alloc.hpp; sourceTree = "<group>"; };
		377CEFFD17B41FAD006982B1 /* message.hpp */ = {isa = PBXFileReference; fileEncoding = 4; lastKnownFileType = sourcecode.cpp.h; path = message.hpp; sourceTree = "<group>"; };
		377CEFFE17B41FAD006982B1 /* pool.hpp */ = {isa = PBXFileReference; fileEncoding = 4; lastKnownFileType = sourcecode.cpp.h; path = pool.hpp; sourceTree = "<group>"; };
		377CF00017B41FAD006982B1 /* base.hpp */ = {isa = PBXFileReference; fileEncoding = 4; lastKnownFileType = sourcecode.cpp.h; path = base.hpp; sourceTree = "<group>"; };
		377CF00117B41FAD006982B1 /* hybi00.hpp */ = {isa = PBXFileReference; fileEncoding = 4; lastKnownFileType = sourcecode.cpp.h; path = hybi00.hpp; sourceTree = "<group>"; };
		377CF00217B41FAD006982B1 /* hybi07.hpp */ = {isa = PBXFileReference; fileEncoding = 4; lastKnownFileType = sourcecode.cpp.h; path = hybi07.hpp; sourceTree = "<group>"; };
		377CF00317B41FAD006982B1 /* hybi08.hpp */ = {isa = PBXFileReference; fileEncoding = 4; lastKnownFileType = sourcecode.cpp.h; path = hybi08.hpp; sourceTree = "<group>"; };
		377CF00417B41FAD006982B1 /* hybi13.hpp */ = {isa = PBXFileReference; fileEncoding = 4; lastKnownFileType = sourcecode.cpp.h; path = hybi13.hpp; sourceTree = "<group>"; };
		377CF00517B41FAD006982B1 /* processor.hpp */ = {isa = PBXFileReference; fileEncoding = 4; lastKnownFileType = sourcecode.cpp.h; path = processor.hpp; sourceTree = "<group>"; };
		377CF00717B41FAD006982B1 /* none.hpp */ = {isa = PBXFileReference; fileEncoding = 4; lastKnownFileType = sourcecode.cpp.h; path = none.hpp; sourceTree = "<group>"; };
		377CF00817B41FAD006982B1 /* random_device.hpp */ = {isa = PBXFileReference; fileEncoding = 4; lastKnownFileType = sourcecode.cpp.h; path = random_device.hpp; sourceTree = "<group>"; };
		377CF00A17B41FAD006982B1 /* client_endpoint.hpp */ = {isa = PBXFileReference; fileEncoding = 4; lastKnownFileType = sourcecode.cpp.h; path = client_endpoint.hpp; sourceTree = "<group>"; };
		377CF00B17B41FAD006982B1 /* server_endpoint.hpp */ = {isa = PBXFileReference; fileEncoding = 4; lastKnownFileType = sourcecode.cpp.h; path = server_endpoint.hpp; sourceTree = "<group>"; };
		377CF00C17B41FAD006982B1 /* server.hpp */ = {isa = PBXFileReference; fileEncoding = 4; lastKnownFileType = sourcecode.cpp.h; path = server.hpp; sourceTree = "<group>"; };
		377CF00E17B41FAD006982B1 /* license.txt */ = {isa = PBXFileReference; fileEncoding = 4; lastKnownFileType = text; path = license.txt; sourceTree = "<group>"; };
		377CF00F17B41FAD006982B1 /* sha1.hpp */ = {isa = PBXFileReference; fileEncoding = 4; lastKnownFileType = sourcecode.cpp.h; path = sha1.hpp; sourceTree = "<group>"; };
		377CF01217B41FAD006982B1 /* base.hpp */ = {isa = PBXFileReference; fileEncoding = 4; lastKnownFileType = sourcecode.cpp.h; path = base.hpp; sourceTree = "<group>"; };
		377CF01317B41FAD006982B1 /* connection.hpp */ = {isa = PBXFileReference; fileEncoding = 4; lastKnownFileType = sourcecode.cpp.h; path = connection.hpp; sourceTree = "<group>"; };
		377CF01417B41FAD006982B1 /* endpoint.hpp */ = {isa = PBXFileReference; fileEncoding = 4; lastKnownFileType = sourcecode.cpp.h; path = endpoint.hpp; sourceTree = "<group>"; };
		377CF01617B41FAD006982B1 /* base.hpp */ = {isa = PBXFileReference; fileEncoding = 4; lastKnownFileType = sourcecode.cpp.h; path = base.hpp; sourceTree = "<group>"; };
		377CF01717B41FAD006982B1 /* none.hpp */ = {isa = PBXFileReference; fileEncoding = 4; lastKnownFileType = sourcecode.cpp.h; path = none.hpp; sourceTree = "<group>"; };
		377CF01817B41FAD006982B1 /* tls.hpp */ = {isa = PBXFileReference; fileEncoding = 4; lastKnownFileType = sourcecode.cpp.h; path = tls.hpp; sourceTree = "<group>"; };
		377CF01A17B41FAD006982B1 /* connection.hpp */ = {isa = PBXFileReference; fileEncoding = 4; lastKnownFileType = sourcecode.cpp.h; path = connection.hpp; sourceTree = "<group>"; };
		377CF01B17B41FAD006982B1 /* endpoint.hpp */ = {isa = PBXFileReference; fileEncoding = 4; lastKnownFileType = sourcecode.cpp.h; path = endpoint.hpp; sourceTree = "<group>"; };
		377CF01D17B41FAD006982B1 /* base.hpp */ = {isa = PBXFileReference; fileEncoding = 4; lastKnownFileType = sourcecode.cpp.h; path = base.hpp; sourceTree = "<group>"; };
		377CF01E17B41FAD006982B1 /* connection.hpp */ = {isa = PBXFileReference; fileEncoding = 4; lastKnownFileType = sourcecode.cpp.h; path = connection.hpp; sourceTree = "<group>"; };
		377CF01F17B41FAD006982B1 /* endpoint.hpp */ = {isa = PBXFileReference; fileEncoding = 4; lastKnownFileType = sourcecode.cpp.h; path = endpoint.hpp; sourceTree = "<group>"; };
		377CF02017B41FAD006982B1 /* uri.hpp */ = {isa = PBXFileReference; fileEncoding = 4; lastKnownFileType = sourcecode.cpp.h; path = uri.hpp; sourceTree = "<group>"; };
		377CF02117B41FAD006982B1 /* utf8_validator.hpp */ = {isa = PBXFileReference; fileEncoding = 4; lastKnownFileType = sourcecode.cpp.h; path = utf8_validator.hpp; sourceTree = "<group>"; };
		377CF02217B41FAD006982B1 /* utilities.hpp */ = {isa = PBXFileReference; fileEncoding = 4; lastKnownFileType = sourcecode.cpp.h; path = utilities.hpp; sourceTree = "<group>"; };
		377CF02317B41FAD006982B1 /* version.hpp */ = {isa = PBXFileReference; fileEncoding = 4; lastKnownFileType = sourcecode.cpp.h; path = version.hpp; sourceTree = "<group>"; };
		377CF02717B422FA006982B1 /* libboost_thread.dylib */ = {isa = PBXFileReference; lastKnownFileType = "compiled.mach-o.dylib"; name = libboost_thread.dylib; path = "libs/boost-libs/libboost_thread.dylib"; sourceTree = "<group>"; };
		377CF02917B42CDD006982B1 /* libboost_system.dylib */ = {isa = PBXFileReference; lastKnownFileType = "compiled.mach-o.dylib"; name = libboost_system.dylib; path = "libs/boost-libs/libboost_system.dylib"; sourceTree = "<group>"; };
		37EB146817B439F100DCF662 /* echo_handler.hpp */ = {isa = PBXFileReference; lastKnownFileType = sourcecode.cpp.h; path = echo_handler.hpp; sourceTree = "<group>"; };
		37EB146917B49E6600DCF662 /* DataHandler.cpp */ = {isa = PBXFileReference; fileEncoding = 4; lastKnownFileType = sourcecode.cpp.cpp; path = DataHandler.cpp; sourceTree = "<group>"; };
		37EB146A17B49E6600DCF662 /* DataHandler.hpp */ = {isa = PBXFileReference; fileEncoding = 4; lastKnownFileType = sourcecode.cpp.h; name = DataHandler.hpp; path = classes/DataHandler.hpp; sourceTree = SOURCE_ROOT; };
		4D7DBE570C04A8FF00D8835D /* Crowd.app */ = {isa = PBXFileReference; explicitFileType = wrapper.application; includeInIndex = 0; path = Crowd.app; sourceTree = BUILT_PRODUCTS_DIR; };
		4D7DBE590C04A8FF00D8835D /* Crowd-Info.plist */ = {isa = PBXFileReference; lastKnownFileType = text.plist.xml; path = "Crowd-Info.plist"; sourceTree = "<group>"; };
/* End PBXFileReference section */

/* Begin PBXFrameworksBuildPhase section */
		4D7DBE550C04A8FF00D8835D /* Frameworks */ = {
			isa = PBXFrameworksBuildPhase;
			buildActionMask = 2147483647;
			files = (
				375FD08F17B1FDC80075BB8A /* libopencv_highgui.2.4.5.dylib in Frameworks */,
				375FD09117B1FDF00075BB8A /* libopencv_imgproc.2.4.5.dylib in Frameworks */,
				375FD09317B1FE160075BB8A /* libopencv_objdetect.2.4.5.dylib in Frameworks */,
				375FD09517B1FE5B0075BB8A /* libopencv_core.2.4.5.dylib in Frameworks */,
				377CF02817B422FA006982B1 /* libboost_thread.dylib in Frameworks */,
				377CF02A17B42CDD006982B1 /* libboost_system.dylib in Frameworks */,
			);
			runOnlyForDeploymentPostprocessing = 0;
		};
/* End PBXFrameworksBuildPhase section */

/* Begin PBXGroup section */
		08FB7794FE84155DC02AAC07 /* FrameworkTest */ = {
			isa = PBXGroup;
			children = (
				08FB7795FE84155DC02AAC07 /* Source */,
				4DBF872C0C0572BC00880673 /* Resources */,
				4D9D40B00C04AC1600EEFFD0 /* Frameworks */,
				1AB674ADFE9D54B511CA2CBB /* Products */,
			);
			name = FrameworkTest;
			sourceTree = "<group>";
		};
		08FB7795FE84155DC02AAC07 /* Source */ = {
			isa = PBXGroup;
			children = (
				377CEFBA17B41FAD006982B1 /* websocketpp */,
				3740F78217B78EF000D45FD7 /* main.hpp */,
				3740F78117B78EF000D45FD7 /* main.cpp */,
				37007F8F17B29292000AA325 /* Classes */,
			);
			name = Source;
			sourceTree = "<group>";
		};
		1AB674ADFE9D54B511CA2CBB /* Products */ = {
			isa = PBXGroup;
			children = (
				4D7DBE570C04A8FF00D8835D /* Crowd.app */,
			);
			name = Products;
			sourceTree = "<group>";
		};
		37007F8F17B29292000AA325 /* Classes */ = {
			isa = PBXGroup;
			children = (
				3740F77E17B78DC600D45FD7 /* Detector.hpp */,
				08FB7796FE84155DC02AAC07 /* Detector.cpp */,
				37007F8D17B29278000AA325 /* Person.hpp */,
				37007F8C17B29278000AA325 /* Person.cpp */,
				377CED8F17B3D4BB006982B1 /* StringUtil.h */,
				37EB146A17B49E6600DCF662 /* DataHandler.hpp */,
				37EB146917B49E6600DCF662 /* DataHandler.cpp */,
				37EB146817B439F100DCF662 /* echo_handler.hpp */,
			);
			name = Classes;
			path = classes;
			sourceTree = SOURCE_ROOT;
		};
		37224F1C17BA26C100464D9C /* lbpcascades */ = {
			isa = PBXGroup;
			children = (
				37224F1D17BA26C100464D9C /* lbpcascade_frontalface.xml */,
				37224F1E17BA26C100464D9C /* lbpcascade_profileface.xml */,
				37224F1F17BA26C100464D9C /* lbpcascade_silverware.xml */,
			);
			name = lbpcascades;
			path = cascades/lbpcascades;
			sourceTree = SOURCE_ROOT;
		};
		37224F2017BA26DB00464D9C /* haarcascades */ = {
			isa = PBXGroup;
			children = (
				37224F2117BA26DB00464D9C /* haarcascade_eye.xml */,
				37224F2217BA26DB00464D9C /* haarcascade_eye_tree_eyeglasses.xml */,
				37224F2317BA26DB00464D9C /* haarcascade_frontalface_alt.xml */,
				37224F2417BA26DB00464D9C /* haarcascade_frontalface_alt2.xml */,
				37224F2517BA26DB00464D9C /* haarcascade_frontalface_alt_tree.xml */,
				37224F2617BA26DB00464D9C /* haarcascade_frontalface_default.xml */,
				37224F2717BA26DB00464D9C /* haarcascade_fullbody.xml */,
				37224F2817BA26DB00464D9C /* haarcascade_lefteye_2splits.xml */,
				37224F2917BA26DB00464D9C /* haarcascade_lowerbody.xml */,
				37224F2A17BA26DB00464D9C /* haarcascade_mcs_eyepair_big.xml */,
				37224F2B17BA26DB00464D9C /* haarcascade_mcs_eyepair_small.xml */,
				37224F2C17BA26DB00464D9C /* haarcascade_mcs_leftear.xml */,
				37224F2D17BA26DB00464D9C /* haarcascade_mcs_lefteye.xml */,
				37224F2E17BA26DB00464D9C /* haarcascade_mcs_mouth.xml */,
				37224F2F17BA26DB00464D9C /* haarcascade_mcs_nose.xml */,
				37224F3017BA26DB00464D9C /* haarcascade_mcs_rightear.xml */,
				37224F3117BA26DB00464D9C /* haarcascade_mcs_righteye.xml */,
				37224F3217BA26DB00464D9C /* haarcascade_mcs_upperbody.xml */,
				37224F3317BA26DB00464D9C /* haarcascade_profileface.xml */,
				37224F3417BA26DB00464D9C /* haarcascade_righteye_2splits.xml */,
				37224F3517BA26DB00464D9C /* haarcascade_smile.xml */,
				37224F3617BA26DB00464D9C /* haarcascade_upperbody.xml */,
			);
			name = haarcascades;
			path = cascades/haarcascades;
			sourceTree = "<group>";
		};
		377CEFBA17B41FAD006982B1 /* websocketpp */ = {
			isa = PBXGroup;
			children = (
				377CEFBB17B41FAD006982B1 /* base64 */,
				377CEFBF17B41FAD006982B1 /* client.hpp */,
				377CEFC017B41FAD006982B1 /* close.hpp */,
				377CEFC117B41FAD006982B1 /* CMakeLists.txt */,
				377CEFC217B41FAD006982B1 /* common */,
				377CEFD017B41FAD006982B1 /* concurrency */,
				377CEFD317B41FAD006982B1 /* config */,
				377CEFDE17B41FAD006982B1 /* connection.hpp */,
				377CEFDF17B41FAD006982B1 /* connection_base.hpp */,
				377CEFE017B41FAD006982B1 /* endpoint.hpp */,
				377CEFE117B41FAD006982B1 /* endpoint_base.hpp */,
				377CEFE217B41FAD006982B1 /* error.hpp */,
				377CEFE317B41FAD006982B1 /* error_container.hpp */,
				377CEFE417B41FAD006982B1 /* extensions */,
				377CEFE917B41FAD006982B1 /* frame.hpp */,
				377CEFEA17B41FAD006982B1 /* http */,
				377CEFF317B41FAD006982B1 /* impl */,
				377CEFF717B41FAD006982B1 /* logger */,
				377CEFFB17B41FAD006982B1 /* message_buffer */,
				377CEFFF17B41FAD006982B1 /* processors */,
				377CF00617B41FAD006982B1 /* random */,
				377CF00917B41FAD006982B1 /* roles */,
				377CF00C17B41FAD006982B1 /* server.hpp */,
				377CF00D17B41FAD006982B1 /* sha1 */,
				377CF01017B41FAD006982B1 /* transport */,
				377CF02017B41FAD006982B1 /* uri.hpp */,
				377CF02117B41FAD006982B1 /* utf8_validator.hpp */,
				377CF02217B41FAD006982B1 /* utilities.hpp */,
				377CF02317B41FAD006982B1 /* version.hpp */,
			);
			path = websocketpp;
			sourceTree = SOURCE_ROOT;
		};
		377CEFBB17B41FAD006982B1 /* base64 */ = {
			isa = PBXGroup;
			children = (
				377CEFBC17B41FAD006982B1 /* base64.cpp */,
				377CEFBD17B41FAD006982B1 /* base64.h */,
				377CEFBE17B41FAD006982B1 /* base64.hpp */,
			);
			path = base64;
			sourceTree = "<group>";
		};
		377CEFC217B41FAD006982B1 /* common */ = {
			isa = PBXGroup;
			children = (
				377CEFC317B41FAD006982B1 /* chrono.hpp */,
				377CEFC417B41FAD006982B1 /* connection_hdl.hpp */,
				377CEFC517B41FAD006982B1 /* cpp11.hpp */,
				377CEFC617B41FAD006982B1 /* functional.hpp */,
				377CEFC717B41FAD006982B1 /* md5.hpp */,
				377CEFC817B41FAD006982B1 /* memory.hpp */,
				377CEFC917B41FAD006982B1 /* network.hpp */,
				377CEFCA17B41FAD006982B1 /* platforms.hpp */,
				377CEFCB17B41FAD006982B1 /* random.hpp */,
				377CEFCC17B41FAD006982B1 /* regex.hpp */,
				377CEFCD17B41FAD006982B1 /* stdint.hpp */,
				377CEFCE17B41FAD006982B1 /* system_error.hpp */,
				377CEFCF17B41FAD006982B1 /* thread.hpp */,
			);
			path = common;
			sourceTree = "<group>";
		};
		377CEFD017B41FAD006982B1 /* concurrency */ = {
			isa = PBXGroup;
			children = (
				377CEFD117B41FAD006982B1 /* basic.hpp */,
				377CEFD217B41FAD006982B1 /* none.hpp */,
			);
			path = concurrency;
			sourceTree = "<group>";
		};
		377CEFD317B41FAD006982B1 /* config */ = {
			isa = PBXGroup;
			children = (
				377CEFD417B41FAD006982B1 /* asio.hpp */,
				377CEFD517B41FAD006982B1 /* asio_client.hpp */,
				377CEFD617B41FAD006982B1 /* asio_no_tls.hpp */,
				377CEFD717B41FAD006982B1 /* asio_no_tls_client.hpp */,
				377CEFD817B41FAD006982B1 /* boost_config.hpp */,
				377CEFD917B41FAD006982B1 /* core.hpp */,
				377CEFDA17B41FAD006982B1 /* core_client.hpp */,
				377CEFDB17B41FAD006982B1 /* debug.hpp */,
				377CEFDC17B41FAD006982B1 /* debug_asio.hpp */,
				377CEFDD17B41FAD006982B1 /* debug_asio_no_tls.hpp */,
			);
			path = config;
			sourceTree = "<group>";
		};
		377CEFE417B41FAD006982B1 /* extensions */ = {
			isa = PBXGroup;
			children = (
				377CEFE517B41FAD006982B1 /* extension.hpp */,
				377CEFE617B41FAD006982B1 /* permessage_deflate */,
			);
			path = extensions;
			sourceTree = "<group>";
		};
		377CEFE617B41FAD006982B1 /* permessage_deflate */ = {
			isa = PBXGroup;
			children = (
				377CEFE717B41FAD006982B1 /* disabled.hpp */,
				377CEFE817B41FAD006982B1 /* enabled.hpp */,
			);
			path = permessage_deflate;
			sourceTree = "<group>";
		};
		377CEFEA17B41FAD006982B1 /* http */ = {
			isa = PBXGroup;
			children = (
				377CEFEB17B41FAD006982B1 /* constants.hpp */,
				377CEFEC17B41FAD006982B1 /* impl */,
				377CEFF017B41FAD006982B1 /* parser.hpp */,
				377CEFF117B41FAD006982B1 /* request.hpp */,
				377CEFF217B41FAD006982B1 /* response.hpp */,
			);
			path = http;
			sourceTree = "<group>";
		};
		377CEFEC17B41FAD006982B1 /* impl */ = {
			isa = PBXGroup;
			children = (
				377CEFED17B41FAD006982B1 /* parser.hpp */,
				377CEFEE17B41FAD006982B1 /* request.hpp */,
				377CEFEF17B41FAD006982B1 /* response.hpp */,
			);
			path = impl;
			sourceTree = "<group>";
		};
		377CEFF317B41FAD006982B1 /* impl */ = {
			isa = PBXGroup;
			children = (
				377CEFF417B41FAD006982B1 /* connection_impl.hpp */,
				377CEFF517B41FAD006982B1 /* endpoint_impl.hpp */,
				377CEFF617B41FAD006982B1 /* utilities_impl.hpp */,
			);
			path = impl;
			sourceTree = "<group>";
		};
		377CEFF717B41FAD006982B1 /* logger */ = {
			isa = PBXGroup;
			children = (
				377CEFF817B41FAD006982B1 /* basic.hpp */,
				377CEFF917B41FAD006982B1 /* levels.hpp */,
				377CEFFA17B41FAD006982B1 /* stub.hpp */,
			);
			path = logger;
			sourceTree = "<group>";
		};
		377CEFFB17B41FAD006982B1 /* message_buffer */ = {
			isa = PBXGroup;
			children = (
				377CEFFC17B41FAD006982B1 /* alloc.hpp */,
				377CEFFD17B41FAD006982B1 /* message.hpp */,
				377CEFFE17B41FAD006982B1 /* pool.hpp */,
			);
			path = message_buffer;
			sourceTree = "<group>";
		};
		377CEFFF17B41FAD006982B1 /* processors */ = {
			isa = PBXGroup;
			children = (
				377CF00017B41FAD006982B1 /* base.hpp */,
				377CF00117B41FAD006982B1 /* hybi00.hpp */,
				377CF00217B41FAD006982B1 /* hybi07.hpp */,
				377CF00317B41FAD006982B1 /* hybi08.hpp */,
				377CF00417B41FAD006982B1 /* hybi13.hpp */,
				377CF00517B41FAD006982B1 /* processor.hpp */,
			);
			path = processors;
			sourceTree = "<group>";
		};
		377CF00617B41FAD006982B1 /* random */ = {
			isa = PBXGroup;
			children = (
				377CF00717B41FAD006982B1 /* none.hpp */,
				377CF00817B41FAD006982B1 /* random_device.hpp */,
			);
			path = random;
			sourceTree = "<group>";
		};
		377CF00917B41FAD006982B1 /* roles */ = {
			isa = PBXGroup;
			children = (
				377CF00A17B41FAD006982B1 /* client_endpoint.hpp */,
				377CF00B17B41FAD006982B1 /* server_endpoint.hpp */,
			);
			path = roles;
			sourceTree = "<group>";
		};
		377CF00D17B41FAD006982B1 /* sha1 */ = {
			isa = PBXGroup;
			children = (
				377CF00E17B41FAD006982B1 /* license.txt */,
				377CF00F17B41FAD006982B1 /* sha1.hpp */,
			);
			path = sha1;
			sourceTree = "<group>";
		};
		377CF01017B41FAD006982B1 /* transport */ = {
			isa = PBXGroup;
			children = (
				377CF01117B41FAD006982B1 /* asio */,
				377CF01917B41FAD006982B1 /* base */,
				377CF01C17B41FAD006982B1 /* iostream */,
			);
			path = transport;
			sourceTree = "<group>";
		};
		377CF01117B41FAD006982B1 /* asio */ = {
			isa = PBXGroup;
			children = (
				377CF01217B41FAD006982B1 /* base.hpp */,
				377CF01317B41FAD006982B1 /* connection.hpp */,
				377CF01417B41FAD006982B1 /* endpoint.hpp */,
				377CF01517B41FAD006982B1 /* security */,
			);
			path = asio;
			sourceTree = "<group>";
		};
		377CF01517B41FAD006982B1 /* security */ = {
			isa = PBXGroup;
			children = (
				377CF01617B41FAD006982B1 /* base.hpp */,
				377CF01717B41FAD006982B1 /* none.hpp */,
				377CF01817B41FAD006982B1 /* tls.hpp */,
			);
			path = security;
			sourceTree = "<group>";
		};
		377CF01917B41FAD006982B1 /* base */ = {
			isa = PBXGroup;
			children = (
				377CF01A17B41FAD006982B1 /* connection.hpp */,
				377CF01B17B41FAD006982B1 /* endpoint.hpp */,
			);
			path = base;
			sourceTree = "<group>";
		};
		377CF01C17B41FAD006982B1 /* iostream */ = {
			isa = PBXGroup;
			children = (
				377CF01D17B41FAD006982B1 /* base.hpp */,
				377CF01E17B41FAD006982B1 /* connection.hpp */,
				377CF01F17B41FAD006982B1 /* endpoint.hpp */,
			);
			path = iostream;
			sourceTree = "<group>";
		};
		4D9D40B00C04AC1600EEFFD0 /* Frameworks */ = {
			isa = PBXGroup;
			children = (
				377CF02917B42CDD006982B1 /* libboost_system.dylib */,
				377CF02717B422FA006982B1 /* libboost_thread.dylib */,
				375FD08E17B1FDC80075BB8A /* libopencv_highgui.2.4.5.dylib */,
				375FD09417B1FE5B0075BB8A /* libopencv_core.2.4.5.dylib */,
				375FD09217B1FE160075BB8A /* libopencv_objdetect.2.4.5.dylib */,
				375FD09017B1FDF00075BB8A /* libopencv_imgproc.2.4.5.dylib */,
			);
			name = Frameworks;
			sourceTree = "<group>";
		};
		4DBF872C0C0572BC00880673 /* Resources */ = {
			isa = PBXGroup;
			children = (
				37224F2017BA26DB00464D9C /* haarcascades */,
				37224F1C17BA26C100464D9C /* lbpcascades */,
				4D7DBE590C04A8FF00D8835D /* Crowd-Info.plist */,
			);
			name = Resources;
			sourceTree = "<group>";
		};
/* End PBXGroup section */

/* Begin PBXNativeTarget section */
		4D7DBE560C04A8FF00D8835D /* Crowd */ = {
			isa = PBXNativeTarget;
			buildConfigurationList = 4D7DBE5A0C04A8FF00D8835D /* Build configuration list for PBXNativeTarget "Crowd" */;
			buildPhases = (
				4D7DBE530C04A8FF00D8835D /* Resources */,
				4D7DBE540C04A8FF00D8835D /* Sources */,
				4D7DBE550C04A8FF00D8835D /* Frameworks */,
				4D7DBE8F0C04A93300D8835D /* CopyFiles */,
				37007F8417B2810F000AA325 /* ShellScript */,
			);
			buildRules = (
			);
			dependencies = (
			);
			name = Crowd;
			productName = Crowd;
			productReference = 4D7DBE570C04A8FF00D8835D /* Crowd.app */;
			productType = "com.apple.product-type.application";
		};
/* End PBXNativeTarget section */

/* Begin PBXProject section */
		08FB7793FE84155DC02AAC07 /* Project object */ = {
			isa = PBXProject;
			attributes = {
				LastUpgradeCheck = 0460;
			};
			buildConfigurationList = 1DEB923508733DC60010E9CD /* Build configuration list for PBXProject "Crowd" */;
			compatibilityVersion = "Xcode 3.2";
			developmentRegion = English;
			hasScannedForEncodings = 1;
			knownRegions = (
				en,
			);
			mainGroup = 08FB7794FE84155DC02AAC07 /* FrameworkTest */;
			projectDirPath = "";
			projectRoot = "";
			targets = (
				4D7DBE560C04A8FF00D8835D /* Crowd */,
			);
		};
/* End PBXProject section */

/* Begin PBXResourcesBuildPhase section */
		4D7DBE530C04A8FF00D8835D /* Resources */ = {
			isa = PBXResourcesBuildPhase;
			buildActionMask = 2147483647;
			files = (
				37C2E7DD17BA2826007070C7 /* haarcascade_eye.xml in Resources */,
				37C2E7DE17BA2826007070C7 /* haarcascade_eye_tree_eyeglasses.xml in Resources */,
				37C2E7DF17BA2826007070C7 /* haarcascade_frontalface_alt.xml in Resources */,
				37C2E7E017BA2826007070C7 /* haarcascade_frontalface_alt2.xml in Resources */,
				37C2E7E117BA2826007070C7 /* haarcascade_frontalface_alt_tree.xml in Resources */,
				37C2E7E217BA2826007070C7 /* haarcascade_frontalface_default.xml in Resources */,
				37C2E7E317BA2826007070C7 /* haarcascade_fullbody.xml in Resources */,
				37C2E7E417BA2826007070C7 /* haarcascade_lefteye_2splits.xml in Resources */,
				37C2E7E517BA2826007070C7 /* haarcascade_lowerbody.xml in Resources */,
				37C2E7E617BA2826007070C7 /* haarcascade_mcs_eyepair_big.xml in Resources */,
				37C2E7E717BA2826007070C7 /* haarcascade_mcs_eyepair_small.xml in Resources */,
				37C2E7E817BA2826007070C7 /* haarcascade_mcs_leftear.xml in Resources */,
				37C2E7E917BA2826007070C7 /* haarcascade_mcs_lefteye.xml in Resources */,
				37C2E7EA17BA2826007070C7 /* haarcascade_mcs_mouth.xml in Resources */,
				37C2E7EB17BA2826007070C7 /* haarcascade_mcs_nose.xml in Resources */,
				37C2E7EC17BA2826007070C7 /* haarcascade_mcs_rightear.xml in Resources */,
				37C2E7ED17BA2826007070C7 /* haarcascade_mcs_righteye.xml in Resources */,
				37C2E7EE17BA2826007070C7 /* haarcascade_mcs_upperbody.xml in Resources */,
				37C2E7EF17BA2826007070C7 /* haarcascade_profileface.xml in Resources */,
				37C2E7F017BA2826007070C7 /* haarcascade_righteye_2splits.xml in Resources */,
				37C2E7F117BA2826007070C7 /* haarcascade_smile.xml in Resources */,
				37C2E7F217BA2826007070C7 /* haarcascade_upperbody.xml in Resources */,
				37C2E7F317BA2826007070C7 /* lbpcascade_frontalface.xml in Resources */,
				37C2E7F417BA2826007070C7 /* lbpcascade_profileface.xml in Resources */,
				37C2E7F517BA2826007070C7 /* lbpcascade_silverware.xml in Resources */,
			);
			runOnlyForDeploymentPostprocessing = 0;
		};
/* End PBXResourcesBuildPhase section */

/* Begin PBXShellScriptBuildPhase section */
		37007F8417B2810F000AA325 /* ShellScript */ = {
			isa = PBXShellScriptBuildPhase;
			buildActionMask = 2147483647;
			files = (
			);
			inputPaths = (
			);
			outputPaths = (
			);
			runOnlyForDeploymentPostprocessing = 0;
			shellPath = /bin/bash;
			shellScript = "#!/bin/bash\nEXECFILE=${BUILT_PRODUCTS_DIR}/${EXECUTABLE_PATH}\nLIBPATH=${BUILT_PRODUCTS_DIR}/${SHARED_SUPPORT_FOLDER_PATH}\nNEWLIBPATH=\"@executable_path/../SharedSupport\"\n\n# space separated list of libraries\nTARGETS=\"libboost_system.dylib libboost_thread.dylib libopencv_highgui.2.4.5.dylib libopencv_imgproc.2.4.5.dylib libopencv_objdetect.2.4.5.dylib libopencv_core.2.4.5.dylib\"\nfor TARGET in ${TARGETS} ; do\nLIBFILE=${LIBPATH}/${TARGET}\nTARGETID=`otool -DX ${LIBPATH}/$TARGET`\nNEWTARGETID=${NEWLIBPATH}/${TARGET}\ninstall_name_tool -id ${NEWTARGETID} ${LIBFILE}\ninstall_name_tool -change ${TARGETID} ${NEWTARGETID} ${EXECFILE}\ndone";
		};
/* End PBXShellScriptBuildPhase section */

/* Begin PBXSourcesBuildPhase section */
		4D7DBE540C04A8FF00D8835D /* Sources */ = {
			isa = PBXSourcesBuildPhase;
			buildActionMask = 2147483647;
			files = (
				4D7DBE8E0C04A90C00D8835D /* Detector.cpp in Sources */,
				37007F8E17B29278000AA325 /* Person.cpp in Sources */,
				377CF02417B41FAD006982B1 /* base64.cpp in Sources */,
				3740F78317B78EF000D45FD7 /* main.cpp in Sources */,
				37EB146B17B49E6600DCF662 /* DataHandler.cpp in Sources */,
			);
			runOnlyForDeploymentPostprocessing = 0;
		};
/* End PBXSourcesBuildPhase section */

/* Begin XCBuildConfiguration section */
		1DEB923608733DC60010E9CD /* Debug */ = {
			isa = XCBuildConfiguration;
			buildSettings = {
				GCC_WARN_ABOUT_RETURN_TYPE = YES;
				GCC_WARN_UNUSED_VARIABLE = YES;
				SDKROOT = "$(DEVELOPER_SDK_DIR)/MacOSX10.4u.sdk";
			};
			name = Debug;
		};
		1DEB923708733DC60010E9CD /* Release */ = {
			isa = XCBuildConfiguration;
			buildSettings = {
				ARCHS = (
					ppc,
					i386,
				);
				GCC_WARN_ABOUT_RETURN_TYPE = YES;
				GCC_WARN_UNUSED_VARIABLE = YES;
				SDKROOT = "$(DEVELOPER_SDK_DIR)/MacOSX10.4u.sdk";
			};
			name = Release;
		};
		4D7DBE5B0C04A8FF00D8835D /* Debug */ = {
			isa = XCBuildConfiguration;
			buildSettings = {
				ARCHS = "$(ARCHS_STANDARD_64_BIT)";
				CLANG_CXX_LANGUAGE_STANDARD = "compiler-default";
				CLANG_CXX_LIBRARY = "compiler-default";
				COMBINE_HIDPI_IMAGES = YES;
				COPY_PHASE_STRIP = NO;
				FRAMEWORK_SEARCH_PATHS = (
					"$(inherited)",
					"$(FRAMEWORK_SEARCH_PATHS_QUOTED_1)",
					"$(FRAMEWORK_SEARCH_PATHS_QUOTED_2)",
					"$(LOCAL_LIBRARY_DIR)/Frameworks",
				);
				FRAMEWORK_SEARCH_PATHS_QUOTED_1 = "$(PROJECT_DIR)/libs";
				FRAMEWORK_SEARCH_PATHS_QUOTED_2 = "";
				GCC_C_LANGUAGE_STANDARD = "compiler-default";
				GCC_DYNAMIC_NO_PIC = NO;
				GCC_GENERATE_DEBUGGING_SYMBOLS = YES;
				GCC_MODEL_TUNING = G5;
				GCC_OPTIMIZATION_LEVEL = 0;
				GCC_PRECOMPILE_PREFIX_HEADER = YES;
				GCC_PREFIX_HEADER = "$(SYSTEM_LIBRARY_DIR)/Frameworks/Carbon.framework/Headers/Carbon.h";
				GCC_VERSION = com.apple.compilers.llvm.clang.1_0;
				HEADER_SEARCH_PATHS = (
					"${PROJECT_DIR}/libs/opencv.2.4.5/include",
					"${PROJECT_DIR}/libs/boost-headers",
					"${PROJECT_DIR}/websocketpp",
				);
				INFOPLIST_FILE = "$(SRCROOT)/Crowd-Info.plist";
				INSTALL_PATH = "$(HOME)/Applications";
				LIBRARY_SEARCH_PATHS = (
					"$(inherited)",
					"${PROJECT_DIR}/libs/opencv.2.4.5",
					"${PROJECT_DIR}/libs/boost-libs",
					"${PROJECT_DIR}/websocketpp",
				);
				OTHER_LDFLAGS = (
					"-framework",
					Carbon,
				);
				PRODUCT_NAME = Crowd;
				SDKROOT = macosx10.8;
				VALID_ARCHS = "x86_64 i386";
				WRAPPER_EXTENSION = app;
				ZERO_LINK = YES;
			};
			name = Debug;
		};
		4D7DBE5C0C04A8FF00D8835D /* Release */ = {
			isa = XCBuildConfiguration;
			buildSettings = {
				ARCHS = "$(ARCHS_STANDARD_64_BIT)";
				CLANG_CXX_LANGUAGE_STANDARD = "compiler-default";
				CLANG_CXX_LIBRARY = "compiler-default";
				COMBINE_HIDPI_IMAGES = YES;
				COPY_PHASE_STRIP = YES;
				FRAMEWORK_SEARCH_PATHS = (
					"$(inherited)",
					"$(FRAMEWORK_SEARCH_PATHS_QUOTED_1)",
					"$(FRAMEWORK_SEARCH_PATHS_QUOTED_2)",
					"$(LOCAL_LIBRARY_DIR)/Frameworks",
				);
				FRAMEWORK_SEARCH_PATHS_QUOTED_1 = "$(PROJECT_DIR)/libs";
				FRAMEWORK_SEARCH_PATHS_QUOTED_2 = "";
				GCC_C_LANGUAGE_STANDARD = "compiler-default";
				GCC_GENERATE_DEBUGGING_SYMBOLS = NO;
				GCC_MODEL_TUNING = G5;
				GCC_PRECOMPILE_PREFIX_HEADER = YES;
				GCC_PREFIX_HEADER = "$(SYSTEM_LIBRARY_DIR)/Frameworks/Carbon.framework/Headers/Carbon.h";
				GCC_VERSION = com.apple.compilers.llvm.clang.1_0;
				HEADER_SEARCH_PATHS = (
					"${PROJECT_DIR}/libs/opencv.2.4.5/include",
					"${PROJECT_DIR}/libs/boost-headers",
					"${PROJECT_DIR}/websocketpp",
				);
				INFOPLIST_FILE = "$(SRCROOT)/Crowd-Info.plist";
				INSTALL_PATH = "$(HOME)/Applications";
				LIBRARY_SEARCH_PATHS = (
					"$(inherited)",
					"${PROJECT_DIR}/libs/opencv.2.4.5",
					"${PROJECT_DIR}/libs/boost-libs",
					"${PROJECT_DIR}/websocketpp",
				);
				OTHER_LDFLAGS = (
					"-framework",
					Carbon,
				);
				PRODUCT_NAME = Crowd;
				SDKROOT = macosx10.8;
				VALID_ARCHS = "x86_64 i386";
				WRAPPER_EXTENSION = app;
				ZERO_LINK = NO;
			};
			name = Release;
		};
/* End XCBuildConfiguration section */

/* Begin XCConfigurationList section */
		1DEB923508733DC60010E9CD /* Build configuration list for PBXProject "Crowd" */ = {
			isa = XCConfigurationList;
			buildConfigurations = (
				1DEB923608733DC60010E9CD /* Debug */,
				1DEB923708733DC60010E9CD /* Release */,
			);
			defaultConfigurationIsVisible = 0;
			defaultConfigurationName = Release;
		};
		4D7DBE5A0C04A8FF00D8835D /* Build configuration list for PBXNativeTarget "Crowd" */ = {
			isa = XCConfigurationList;
			buildConfigurations = (
				4D7DBE5B0C04A8FF00D8835D /* Debug */,
				4D7DBE5C0C04A8FF00D8835D /* Release */,
			);
			defaultConfigurationIsVisible = 0;
			defaultConfigurationName = Release;
		};
/* End XCConfigurationList section */
	};
	rootObject = 08FB7793FE84155DC02AAC07 /* Project object */;
}
